
Microsoft Visual Studio Solution File, Format Version 12.00
# Visual Studio Version 17
VisualStudioVersion = 17.14.36811.4 d17.14
MinimumVisualStudioVersion = 10.0.40219.1
Project("{FAE04EC0-301F-11D3-BF4B-00C04F79EFBC}") = "ica02_OmP", "ica02_OmP\ica02_OmP.csproj", "{D1092D67-8E04-4C41-9109-B4B095971417}"
EndProject
Global
	GlobalSection(SolutionConfigurationPlatforms) = preSolution
		Debug|Any CPU = Debug|Any CPU
		Release|Any CPU = Release|Any CPU
	EndGlobalSection
	GlobalSection(ProjectConfigurationPlatforms) = postSolution
		{D1092D67-8E04-4C41-9109-B4B095971417}.Debug|Any CPU.ActiveCfg = Debug|Any CPU
		{D1092D67-8E04-4C41-9109-B4B095971417}.Debug|Any CPU.Build.0 = Debug|Any CPU
		{D1092D67-8E04-4C41-9109-B4B095971417}.Release|Any CPU.ActiveCfg = Release|Any CPU
		{D1092D67-8E04-4C41-9109-B4B095971417}.Release|Any CPU.Build.0 = Release|Any CPU
	EndGlobalSection
	GlobalSection(SolutionProperties) = preSolution
		HideSolutionNode = FALSE
	EndGlobalSection
	GlobalSection(ExtensibilityGlobals) = postSolution
		SolutionGuid = {DE0055A1-B1DB-41E9-A294-228C6401DD11}
	EndGlobalSection
EndGlobal
