
Microsoft Visual Studio Solution File, Format Version 12.00
# Visual Studio Version 17
VisualStudioVersion = 17.14.36811.4 d17.14
MinimumVisualStudioVersion = 10.0.40219.1
Project("{FAE04EC0-301F-11D3-BF4B-00C04F79EFBC}") = "ica01_OmP", "ica01_OmP\ica01_OmP.csproj", "{3F96B6EA-8E55-4304-808E-2082D865B4A1}"
EndProject
Global
	GlobalSection(SolutionConfigurationPlatforms) = preSolution
		Debug|Any CPU = Debug|Any CPU
		Release|Any CPU = Release|Any CPU
	EndGlobalSection
	GlobalSection(ProjectConfigurationPlatforms) = postSolution
		{3F96B6EA-8E55-4304-808E-2082D865B4A1}.Debug|Any CPU.ActiveCfg = Debug|Any CPU
		{3F96B6EA-8E55-4304-808E-2082D865B4A1}.Debug|Any CPU.Build.0 = Debug|Any CPU
		{3F96B6EA-8E55-4304-808E-2082D865B4A1}.Release|Any CPU.ActiveCfg = Release|Any CPU
		{3F96B6EA-8E55-4304-808E-2082D865B4A1}.Release|Any CPU.Build.0 = Release|Any CPU
	EndGlobalSection
	GlobalSection(SolutionProperties) = preSolution
		HideSolutionNode = FALSE
	EndGlobalSection
	GlobalSection(ExtensibilityGlobals) = postSolution
		SolutionGuid = {01ED78AE-1B7E-4F9B-BA8D-2D411C30C77D}
	EndGlobalSection
EndGlobal
